
Microsoft Visual Studio Solution File, Format Version 12.00
# Visual Studio Version 17
VisualStudioVersion = 17.6.33829.357
MinimumVisualStudioVersion = 10.0.40219.1
Project("{9A19103F-16F7-4668-BE54-9A1E7A4F7556}") = "QuestionnaireAnalyzer", "QuestionnaireAnalyzer\QuestionnaireAnalyzer.csproj", "{46145B90-93C0-45A7-96B9-0F685E81821D}"
EndProject
Project("{9A19103F-16F7-4668-BE54-9A1E7A4F7556}") = "QuestionnaireAnalyzer.Contracts", "QuestionnaireAnalyzer.Contracts\QuestionnaireAnalyzer.Contracts.csproj", "{86E2A94C-7592-4ABC-9E2E-8B5BE153A302}"
EndProject
Project("{9A19103F-16F7-4668-BE54-9A1E7A4F7556}") = "QuestionnaireAnalyzer.Common", "QuestionnaireAnalyzer.Common\QuestionnaireAnalyzer.Common.csproj", "{47708CF8-718C-4761-B7D8-427DD4A3AC0F}"
EndProject
Global
	GlobalSection(SolutionConfigurationPlatforms) = preSolution
		Debug|Any CPU = Debug|Any CPU
		Release|Any CPU = Release|Any CPU
	EndGlobalSection
	GlobalSection(ProjectConfigurationPlatforms) = postSolution
		{46145B90-93C0-45A7-96B9-0F685E81821D}.Debug|Any CPU.ActiveCfg = Debug|Any CPU
		{46145B90-93C0-45A7-96B9-0F685E81821D}.Debug|Any CPU.Build.0 = Debug|Any CPU
		{46145B90-93C0-45A7-96B9-0F685E81821D}.Debug|Any CPU.Deploy.0 = Debug|Any CPU
		{46145B90-93C0-45A7-96B9-0F685E81821D}.Release|Any CPU.ActiveCfg = Release|Any CPU
		{46145B90-93C0-45A7-96B9-0F685E81821D}.Release|Any CPU.Build.0 = Release|Any CPU
		{46145B90-93C0-45A7-96B9-0F685E81821D}.Release|Any CPU.Deploy.0 = Release|Any CPU
		{86E2A94C-7592-4ABC-9E2E-8B5BE153A302}.Debug|Any CPU.ActiveCfg = Debug|Any CPU
		{86E2A94C-7592-4ABC-9E2E-8B5BE153A302}.Debug|Any CPU.Build.0 = Debug|Any CPU
		{86E2A94C-7592-4ABC-9E2E-8B5BE153A302}.Release|Any CPU.ActiveCfg = Release|Any CPU
		{86E2A94C-7592-4ABC-9E2E-8B5BE153A302}.Release|Any CPU.Build.0 = Release|Any CPU
		{47708CF8-718C-4761-B7D8-427DD4A3AC0F}.Debug|Any CPU.ActiveCfg = Debug|Any CPU
		{47708CF8-718C-4761-B7D8-427DD4A3AC0F}.Debug|Any CPU.Build.0 = Debug|Any CPU
		{47708CF8-718C-4761-B7D8-427DD4A3AC0F}.Release|Any CPU.ActiveCfg = Release|Any CPU
		{47708CF8-718C-4761-B7D8-427DD4A3AC0F}.Release|Any CPU.Build.0 = Release|Any CPU
	EndGlobalSection
	GlobalSection(SolutionProperties) = preSolution
		HideSolutionNode = FALSE
	EndGlobalSection
	GlobalSection(ExtensibilityGlobals) = postSolution
		SolutionGuid = {DC753AA8-1E25-49BD-B2C3-214EC9FD1A49}
	EndGlobalSection
EndGlobal
